// !$*UTF8*$!
{
	archiveVersion = 1;
	classes = {
	};
	objectVersion = 77;
	objects = {

/* Begin PBXBuildFile section */
		565080E72ECECDBC00070EE3 /* Kingfisher in Frameworks */ = {isa = PBXBuildFile; productRef = 565080E62ECECDBC00070EE3 /* Kingfisher */; };
		565499922EA2334000B68E86 /* WebRTC in Frameworks */ = {isa = PBXBuildFile; productRef = 565499912EA2334000B68E86 /* WebRTC */; };
		56EF27FF2ED3F72800D13E44 /* alert.wav in Resources */ = {isa = PBXBuildFile; fileRef = 56EF27FE2ED3F72800D13E44 /* alert.wav */; };
		56FBA3A82ECC46E0004FD7BA /* OctrumNotificationService.appex in Embed Foundation Extensions */ = {isa = PBXBuildFile; fileRef = 56FBA39A2ECC3C91004FD7BA /* OctrumNotificationService.appex */; settings = {ATTRIBUTES = (RemoveHeadersOnCopy, ); }; };
/* End PBXBuildFile section */

/* Begin PBXContainerItemProxy section */
		56B0E8BE2EA22B8600DE40E7 /* PBXContainerItemProxy */ = {
			isa = PBXContainerItemProxy;
			containerPortal = 56B0E8A82EA22B8500DE40E7 /* Project object */;
			proxyType = 1;
			remoteGlobalIDString = 56B0E8AF2EA22B8500DE40E7;
			remoteInfo = Octrum;
		};
		56FBA3A92ECC46E0004FD7BA /* PBXContainerItemProxy */ = {
			isa = PBXContainerItemProxy;
			containerPortal = 56B0E8A82EA22B8500DE40E7 /* Project object */;
			proxyType = 1;
			remoteGlobalIDString = 56FBA3992ECC3C91004FD7BA;
			remoteInfo = OctrumNotificationService;
		};
		56FBA3AC2ECC46F7004FD7BA /* PBXContainerItemProxy */ = {
			isa = PBXContainerItemProxy;
			containerPortal = 56B0E8A82EA22B8500DE40E7 /* Project object */;
			proxyType = 1;
			remoteGlobalIDString = 56FBA3992ECC3C91004FD7BA;
			remoteInfo = OctrumNotificationService;
		};
		56FBA3AE2ECC4738004FD7BA /* PBXContainerItemProxy */ = {
			isa = PBXContainerItemProxy;
			containerPortal = 56B0E8A82EA22B8500DE40E7 /* Project object */;
			proxyType = 1;
			remoteGlobalIDString = 56FBA3992ECC3C91004FD7BA;
			remoteInfo = OctrumNotificationService;
		};
/* End PBXContainerItemProxy section */

/* Begin PBXCopyFilesBuildPhase section */
		56FBA3AB2ECC46E0004FD7BA /* Embed Foundation Extensions */ = {
			isa = PBXCopyFilesBuildPhase;
			buildActionMask = 2147483647;
			dstPath = "";
			dstSubfolderSpec = 13;
			files = (
				56FBA3A82ECC46E0004FD7BA /* OctrumNotificationService.appex in Embed Foundation Extensions */,
			);
			name = "Embed Foundation Extensions";
			runOnlyForDeploymentPostprocessing = 0;
		};
/* End PBXCopyFilesBuildPhase section */

/* Begin PBXFileReference section */
		56B0E8B02EA22B8500DE40E7 /* Octrum.app */ = {isa = PBXFileReference; explicitFileType = wrapper.application; includeInIndex = 0; path = Octrum.app; sourceTree = BUILT_PRODUCTS_DIR; };
		56B0E8BD2EA22B8600DE40E7 /* OctrumTests.xctest */ = {isa = PBXFileReference; explicitFileType = wrapper.cfbundle; includeInIndex = 0; path = OctrumTests.xctest; sourceTree = BUILT_PRODUCTS_DIR; };
		56B0EA672EA22CA800DE40E7 /* .swiftlint.yml */ = {isa = PBXFileReference; lastKnownFileType = sourcecode.swift; path = .swiftlint.yml; sourceTree = "<group>"; };
		56B0EA692EA22CC200DE40E7 /* .gitignore */ = {isa = PBXFileReference; lastKnownFileType = text; path = .gitignore; sourceTree = "<group>"; };
		56B0EA6B2EA22CCF00DE40E7 /* .gitattributes */ = {isa = PBXFileReference; lastKnownFileType = sourcecode.swift; path = .gitattributes; sourceTree = "<group>"; };
		56EF27FE2ED3F72800D13E44 /* alert.wav */ = {isa = PBXFileReference; lastKnownFileType = audio.wav; path = alert.wav; sourceTree = "<group>"; };
		56FBA39A2ECC3C91004FD7BA /* OctrumNotificationService.appex */ = {isa = PBXFileReference; explicitFileType = "wrapper.app-extension"; includeInIndex = 0; path = OctrumNotificationService.appex; sourceTree = BUILT_PRODUCTS_DIR; };
/* End PBXFileReference section */

/* Begin PBXFileSystemSynchronizedBuildFileExceptionSet section */
		564F7BA32EA9F28E004A5BCB /* Exceptions for "Octrum" folder in "Octrum" target */ = {
			isa = PBXFileSystemSynchronizedBuildFileExceptionSet;
			membershipExceptions = (
				Info.plist,
			);
			target = 56B0E8AF2EA22B8500DE40E7 /* Octrum */;
		};
		56FBA3B02ECC4800004FD7BA /* Exceptions for "OctrumNotificationService" folder in "OctrumNotificationService" target */ = {
			isa = PBXFileSystemSynchronizedBuildFileExceptionSet;
			membershipExceptions = (
				Info.plist,
			);
			target = 56FBA3992ECC3C91004FD7BA /* OctrumNotificationService */;
		};
/* End PBXFileSystemSynchronizedBuildFileExceptionSet section */

/* Begin PBXFileSystemSynchronizedRootGroup section */
		56B0E8B22EA22B8500DE40E7 /* Octrum */ = {
			isa = PBXFileSystemSynchronizedRootGroup;
			exceptions = (
				564F7BA32EA9F28E004A5BCB /* Exceptions for "Octrum" folder in "Octrum" target */,
			);
			path = Octrum;
			sourceTree = "<group>";
		};
		56B0E8C02EA22B8600DE40E7 /* OctrumTests */ = {
			isa = PBXFileSystemSynchronizedRootGroup;
			path = OctrumTests;
			sourceTree = "<group>";
		};
		56B0EA6D2EA22D3500DE40E7 /* .github */ = {
			isa = PBXFileSystemSynchronizedRootGroup;
			path = .github;
			sourceTree = "<group>";
		};
		56FBA39B2ECC3C91004FD7BA /* OctrumNotificationService */ = {
			isa = PBXFileSystemSynchronizedRootGroup;
			exceptions = (
				56FBA3B02ECC4800004FD7BA /* Exceptions for "OctrumNotificationService" folder in "OctrumNotificationService" target */,
			);
			path = OctrumNotificationService;
			sourceTree = "<group>";
		};
/* End PBXFileSystemSynchronizedRootGroup section */

/* Begin PBXFrameworksBuildPhase section */
		56B0E8AD2EA22B8500DE40E7 /* Frameworks */ = {
			isa = PBXFrameworksBuildPhase;
			buildActionMask = 2147483647;
			files = (
				565080E72ECECDBC00070EE3 /* Kingfisher in Frameworks */,
				565499922EA2334000B68E86 /* WebRTC in Frameworks */,
			);
			runOnlyForDeploymentPostprocessing = 0;
		};
		56B0E8BA2EA22B8600DE40E7 /* Frameworks */ = {
			isa = PBXFrameworksBuildPhase;
			buildActionMask = 2147483647;
			files = (
			);
			runOnlyForDeploymentPostprocessing = 0;
		};
		56FBA3972ECC3C91004FD7BA /* Frameworks */ = {
			isa = PBXFrameworksBuildPhase;
			buildActionMask = 2147483647;
			files = (
			);
			runOnlyForDeploymentPostprocessing = 0;
		};
/* End PBXFrameworksBuildPhase section */

/* Begin PBXGroup section */
		56B0E8A72EA22B8500DE40E7 = {
			isa = PBXGroup;
			children = (
				56B0EA6D2EA22D3500DE40E7 /* .github */,
				56B0EA6B2EA22CCF00DE40E7 /* .gitattributes */,
				56B0EA692EA22CC200DE40E7 /* .gitignore */,
				56B0EA672EA22CA800DE40E7 /* .swiftlint.yml */,
				56B0E8B22EA22B8500DE40E7 /* Octrum */,
				56B0E8C02EA22B8600DE40E7 /* OctrumTests */,
				56FBA39B2ECC3C91004FD7BA /* OctrumNotificationService */,
				56B0E8B12EA22B8500DE40E7 /* Products */,
				56EF27FE2ED3F72800D13E44 /* alert.wav */,
				56FBA3A72ECC46E0004FD7BA /* Frameworks */,
			);
			sourceTree = "<group>";
		};
		56B0E8B12EA22B8500DE40E7 /* Products */ = {
			isa = PBXGroup;
			children = (
				56B0E8B02EA22B8500DE40E7 /* Octrum.app */,
				56B0E8BD2EA22B8600DE40E7 /* OctrumTests.xctest */,
				56FBA39A2ECC3C91004FD7BA /* OctrumNotificationService.appex */,
			);
			name = Products;
			sourceTree = "<group>";
		};
		56FBA3A72ECC46E0004FD7BA /* Frameworks */ = {
			isa = PBXGroup;
			children = (
			);
			name = Frameworks;
			sourceTree = "<group>";
		};
/* End PBXGroup section */

/* Begin PBXNativeTarget section */
		56B0E8AF2EA22B8500DE40E7 /* Octrum */ = {
			isa = PBXNativeTarget;
			buildConfigurationList = 56B0E8D12EA22B8600DE40E7 /* Build configuration list for PBXNativeTarget "Octrum" */;
			buildPhases = (
				56B0E8AC2EA22B8500DE40E7 /* Sources */,
				56B0E8AD2EA22B8500DE40E7 /* Frameworks */,
				56B0E8AE2EA22B8500DE40E7 /* Resources */,
				56B0E8DA2EA22C2E00DE40E7 /* ShellScript */,
				56FBA3AB2ECC46E0004FD7BA /* Embed Foundation Extensions */,
			);
			buildRules = (
			);
			dependencies = (
				56FBA3AA2ECC46E0004FD7BA /* PBXTargetDependency */,
				56FBA3AD2ECC46F7004FD7BA /* PBXTargetDependency */,
				56FBA3AF2ECC4738004FD7BA /* PBXTargetDependency */,
			);
			fileSystemSynchronizedGroups = (
				56B0E8B22EA22B8500DE40E7 /* Octrum */,
			);
			name = Octrum;
			packageProductDependencies = (
				565499912EA2334000B68E86 /* WebRTC */,
				565080E62ECECDBC00070EE3 /* Kingfisher */,
			);
			productName = Octrum;
			productReference = 56B0E8B02EA22B8500DE40E7 /* Octrum.app */;
			productType = "com.apple.product-type.application";
		};
		56B0E8BC2EA22B8600DE40E7 /* OctrumTests */ = {
			isa = PBXNativeTarget;
			buildConfigurationList = 56B0E8D42EA22B8600DE40E7 /* Build configuration list for PBXNativeTarget "OctrumTests" */;
			buildPhases = (
				56B0E8B92EA22B8600DE40E7 /* Sources */,
				56B0E8BA2EA22B8600DE40E7 /* Frameworks */,
				56B0E8BB2EA22B8600DE40E7 /* Resources */,
			);
			buildRules = (
			);
			dependencies = (
				56B0E8BF2EA22B8600DE40E7 /* PBXTargetDependency */,
			);
			fileSystemSynchronizedGroups = (
				56B0E8C02EA22B8600DE40E7 /* OctrumTests */,
			);
			name = OctrumTests;
			packageProductDependencies = (
			);
			productName = OctrumTests;
			productReference = 56B0E8BD2EA22B8600DE40E7 /* OctrumTests.xctest */;
			productType = "com.apple.product-type.bundle.unit-test";
		};
		56FBA3992ECC3C91004FD7BA /* OctrumNotificationService */ = {
			isa = PBXNativeTarget;
			buildConfigurationList = 56FBA3A22ECC3C91004FD7BA /* Build configuration list for PBXNativeTarget "OctrumNotificationService" */;
			buildPhases = (
				56FBA3962ECC3C91004FD7BA /* Sources */,
				56FBA3972ECC3C91004FD7BA /* Frameworks */,
				56FBA3982ECC3C91004FD7BA /* Resources */,
			);
			buildRules = (
			);
			dependencies = (
			);
			fileSystemSynchronizedGroups = (
				56FBA39B2ECC3C91004FD7BA /* OctrumNotificationService */,
			);
			name = OctrumNotificationService;
			packageProductDependencies = (
			);
			productName = OctrumNotificationService;
			productReference = 56FBA39A2ECC3C91004FD7BA /* OctrumNotificationService.appex */;
			productType = "com.apple.product-type.app-extension";
		};
/* End PBXNativeTarget section */

/* Begin PBXProject section */
		56B0E8A82EA22B8500DE40E7 /* Project object */ = {
			isa = PBXProject;
			attributes = {
				BuildIndependentTargetsInParallel = 1;
				LastSwiftUpdateCheck = 2610;
				LastUpgradeCheck = 2600;
				TargetAttributes = {
					56B0E8AF2EA22B8500DE40E7 = {
						CreatedOnToolsVersion = 26.0.1;
					};
					56B0E8BC2EA22B8600DE40E7 = {
						CreatedOnToolsVersion = 26.0.1;
						TestTargetID = 56B0E8AF2EA22B8500DE40E7;
					};
					56FBA3992ECC3C91004FD7BA = {
						CreatedOnToolsVersion = 26.1.1;
						LastSwiftMigration = 2610;
					};
				};
			};
			buildConfigurationList = 56B0E8AB2EA22B8500DE40E7 /* Build configuration list for PBXProject "Octrum" */;
			developmentRegion = en;
			hasScannedForEncodings = 0;
			knownRegions = (
				en,
				Base,
				id,
			);
			mainGroup = 56B0E8A72EA22B8500DE40E7;
			minimizedProjectReferenceProxies = 1;
			packageReferences = (
				565499902EA2334000B68E86 /* XCRemoteSwiftPackageReference "WebRTC" */,
				565080E52ECECDBC00070EE3 /* XCRemoteSwiftPackageReference "Kingfisher" */,
			);
			preferredProjectObjectVersion = 77;
			productRefGroup = 56B0E8B12EA22B8500DE40E7 /* Products */;
			projectDirPath = "";
			projectRoot = "";
			targets = (
				56B0E8AF2EA22B8500DE40E7 /* Octrum */,
				56B0E8BC2EA22B8600DE40E7 /* OctrumTests */,
				56FBA3992ECC3C91004FD7BA /* OctrumNotificationService */,
			);
		};
/* End PBXProject section */

/* Begin PBXResourcesBuildPhase section */
		56B0E8AE2EA22B8500DE40E7 /* Resources */ = {
			isa = PBXResourcesBuildPhase;
			buildActionMask = 2147483647;
			files = (
				56EF27FF2ED3F72800D13E44 /* alert.wav in Resources */,
			);
			runOnlyForDeploymentPostprocessing = 0;
		};
		56B0E8BB2EA22B8600DE40E7 /* Resources */ = {
			isa = PBXResourcesBuildPhase;
			buildActionMask = 2147483647;
			files = (
			);
			runOnlyForDeploymentPostprocessing = 0;
		};
		56FBA3982ECC3C91004FD7BA /* Resources */ = {
			isa = PBXResourcesBuildPhase;
			buildActionMask = 2147483647;
			files = (
			);
			runOnlyForDeploymentPostprocessing = 0;
		};
/* End PBXResourcesBuildPhase section */

/* Begin PBXShellScriptBuildPhase section */
		56B0E8DA2EA22C2E00DE40E7 /* ShellScript */ = {
			isa = PBXShellScriptBuildPhase;
			alwaysOutOfDate = 1;
			buildActionMask = 2147483647;
			files = (
			);
			inputFileListPaths = (
			);
			inputPaths = (
			);
			outputFileListPaths = (
			);
			outputPaths = (
			);
			runOnlyForDeploymentPostprocessing = 0;
			shellPath = /bin/sh;
			shellScript = "# Type a script or drag a script file from your workspace to insert its path.\n\nif [[ \"$(uname -m)\" == arm64 ]]; then\n    export PATH=\"/opt/homebrew/bin:$PATH\"\nfi\n\nif which swiftlint > /dev/null; then\n  swiftlint\nelse\n  echo \"warning: SwiftLint not installed, download from https://github.com/realm/SwiftLint\"\nfi\n";
			showEnvVarsInLog = 0;
		};
/* End PBXShellScriptBuildPhase section */

/* Begin PBXSourcesBuildPhase section */
		56B0E8AC2EA22B8500DE40E7 /* Sources */ = {
			isa = PBXSourcesBuildPhase;
			buildActionMask = 2147483647;
			files = (
			);
			runOnlyForDeploymentPostprocessing = 0;
		};
		56B0E8B92EA22B8600DE40E7 /* Sources */ = {
			isa = PBXSourcesBuildPhase;
			buildActionMask = 2147483647;
			files = (
			);
			runOnlyForDeploymentPostprocessing = 0;
		};
		56FBA3962ECC3C91004FD7BA /* Sources */ = {
			isa = PBXSourcesBuildPhase;
			buildActionMask = 2147483647;
			files = (
			);
			runOnlyForDeploymentPostprocessing = 0;
		};
/* End PBXSourcesBuildPhase section */

/* Begin PBXTargetDependency section */
		56B0E8BF2EA22B8600DE40E7 /* PBXTargetDependency */ = {
			isa = PBXTargetDependency;
			target = 56B0E8AF2EA22B8500DE40E7 /* Octrum */;
			targetProxy = 56B0E8BE2EA22B8600DE40E7 /* PBXContainerItemProxy */;
		};
		56FBA3AA2ECC46E0004FD7BA /* PBXTargetDependency */ = {
			isa = PBXTargetDependency;
			target = 56FBA3992ECC3C91004FD7BA /* OctrumNotificationService */;
			targetProxy = 56FBA3A92ECC46E0004FD7BA /* PBXContainerItemProxy */;
		};
		56FBA3AD2ECC46F7004FD7BA /* PBXTargetDependency */ = {
			isa = PBXTargetDependency;
			target = 56FBA3992ECC3C91004FD7BA /* OctrumNotificationService */;
			targetProxy = 56FBA3AC2ECC46F7004FD7BA /* PBXContainerItemProxy */;
		};
		56FBA3AF2ECC4738004FD7BA /* PBXTargetDependency */ = {
			isa = PBXTargetDependency;
			target = 56FBA3992ECC3C91004FD7BA /* OctrumNotificationService */;
			targetProxy = 56FBA3AE2ECC4738004FD7BA /* PBXContainerItemProxy */;
		};
/* End PBXTargetDependency section */

/* Begin XCBuildConfiguration section */
		56B0E8CF2EA22B8600DE40E7 /* Debug */ = {
			isa = XCBuildConfiguration;
			buildSettings = {
				ALWAYS_SEARCH_USER_PATHS = NO;
				ASSETCATALOG_COMPILER_GENERATE_SWIFT_ASSET_SYMBOL_EXTENSIONS = YES;
				CLANG_ANALYZER_NONNULL = YES;
				CLANG_ANALYZER_NUMBER_OBJECT_CONVERSION = YES_AGGRESSIVE;
				CLANG_CXX_LANGUAGE_STANDARD = "gnu++20";
				CLANG_ENABLE_MODULES = YES;
				CLANG_ENABLE_OBJC_ARC = YES;
				CLANG_ENABLE_OBJC_WEAK = YES;
				CLANG_WARN_BLOCK_CAPTURE_AUTORELEASING = YES;
				CLANG_WARN_BOOL_CONVERSION = YES;
				CLANG_WARN_COMMA = YES;
				CLANG_WARN_CONSTANT_CONVERSION = YES;
				CLANG_WARN_DEPRECATED_OBJC_IMPLEMENTATIONS = YES;
				CLANG_WARN_DIRECT_OBJC_ISA_USAGE = YES_ERROR;
				CLANG_WARN_DOCUMENTATION_COMMENTS = YES;
				CLANG_WARN_EMPTY_BODY = YES;
				CLANG_WARN_ENUM_CONVERSION = YES;
				CLANG_WARN_INFINITE_RECURSION = YES;
				CLANG_WARN_INT_CONVERSION = YES;
				CLANG_WARN_NON_LITERAL_NULL_CONVERSION = YES;
				CLANG_WARN_OBJC_IMPLICIT_RETAIN_SELF = YES;
				CLANG_WARN_OBJC_LITERAL_CONVERSION = YES;
				CLANG_WARN_OBJC_ROOT_CLASS = YES_ERROR;
				CLANG_WARN_QUOTED_INCLUDE_IN_FRAMEWORK_HEADER = YES;
				CLANG_WARN_RANGE_LOOP_ANALYSIS = YES;
				CLANG_WARN_STRICT_PROTOTYPES = YES;
				CLANG_WARN_SUSPICIOUS_MOVE = YES;
				CLANG_WARN_UNGUARDED_AVAILABILITY = YES_AGGRESSIVE;
				CLANG_WARN_UNREACHABLE_CODE = YES;
				CLANG_WARN__DUPLICATE_METHOD_MATCH = YES;
				COPY_PHASE_STRIP = NO;
				DEBUG_INFORMATION_FORMAT = dwarf;
				DEVELOPMENT_TEAM = A97HFMR9C5;
				ENABLE_STRICT_OBJC_MSGSEND = YES;
				ENABLE_TESTABILITY = YES;
				ENABLE_USER_SCRIPT_SANDBOXING = YES;
				GCC_C_LANGUAGE_STANDARD = gnu17;
				GCC_DYNAMIC_NO_PIC = NO;
				GCC_NO_COMMON_BLOCKS = YES;
				GCC_OPTIMIZATION_LEVEL = 0;
				GCC_PREPROCESSOR_DEFINITIONS = (
					"DEBUG=1",
					"$(inherited)",
				);
				GCC_WARN_64_TO_32_BIT_CONVERSION = YES;
				GCC_WARN_ABOUT_RETURN_TYPE = YES_ERROR;
				GCC_WARN_UNDECLARED_SELECTOR = YES;
				GCC_WARN_UNINITIALIZED_AUTOS = YES_AGGRESSIVE;
				GCC_WARN_UNUSED_FUNCTION = YES;
				GCC_WARN_UNUSED_VARIABLE = YES;
				IPHONEOS_DEPLOYMENT_TARGET = 26.0;
				LOCALIZATION_PREFERS_STRING_CATALOGS = YES;
				MTL_ENABLE_DEBUG_INFO = INCLUDE_SOURCE;
				MTL_FAST_MATH = YES;
				ONLY_ACTIVE_ARCH = YES;
				SDKROOT = iphoneos;
				SWIFT_ACTIVE_COMPILATION_CONDITIONS = "DEBUG $(inherited)";
				SWIFT_EMIT_LOC_STRINGS = YES;
				SWIFT_OPTIMIZATION_LEVEL = "-Onone";
			};
			name = Debug;
		};
		56B0E8D02EA22B8600DE40E7 /* Release */ = {
			isa = XCBuildConfiguration;
			buildSettings = {
				ALWAYS_SEARCH_USER_PATHS = NO;
				ASSETCATALOG_COMPILER_GENERATE_SWIFT_ASSET_SYMBOL_EXTENSIONS = YES;
				CLANG_ANALYZER_NONNULL = YES;
				CLANG_ANALYZER_NUMBER_OBJECT_CONVERSION = YES_AGGRESSIVE;
				CLANG_CXX_LANGUAGE_STANDARD = "gnu++20";
				CLANG_ENABLE_MODULES = YES;
				CLANG_ENABLE_OBJC_ARC = YES;
				CLANG_ENABLE_OBJC_WEAK = YES;
				CLANG_WARN_BLOCK_CAPTURE_AUTORELEASING = YES;
				CLANG_WARN_BOOL_CONVERSION = YES;
				CLANG_WARN_COMMA = YES;
				CLANG_WARN_CONSTANT_CONVERSION = YES;
				CLANG_WARN_DEPRECATED_OBJC_IMPLEMENTATIONS = YES;
				CLANG_WARN_DIRECT_OBJC_ISA_USAGE = YES_ERROR;
				CLANG_WARN_DOCUMENTATION_COMMENTS = YES;
				CLANG_WARN_EMPTY_BODY = YES;
				CLANG_WARN_ENUM_CONVERSION = YES;
				CLANG_WARN_INFINITE_RECURSION = YES;
				CLANG_WARN_INT_CONVERSION = YES;
				CLANG_WARN_NON_LITERAL_NULL_CONVERSION = YES;
				CLANG_WARN_OBJC_IMPLICIT_RETAIN_SELF = YES;
				CLANG_WARN_OBJC_LITERAL_CONVERSION = YES;
				CLANG_WARN_OBJC_ROOT_CLASS = YES_ERROR;
				CLANG_WARN_QUOTED_INCLUDE_IN_FRAMEWORK_HEADER = YES;
				CLANG_WARN_RANGE_LOOP_ANALYSIS = YES;
				CLANG_WARN_STRICT_PROTOTYPES = YES;
				CLANG_WARN_SUSPICIOUS_MOVE = YES;
				CLANG_WARN_UNGUARDED_AVAILABILITY = YES_AGGRESSIVE;
				CLANG_WARN_UNREACHABLE_CODE = YES;
				CLANG_WARN__DUPLICATE_METHOD_MATCH = YES;
				COPY_PHASE_STRIP = NO;
				DEBUG_INFORMATION_FORMAT = "dwarf-with-dsym";
				DEVELOPMENT_TEAM = A97HFMR9C5;
				ENABLE_NS_ASSERTIONS = NO;
				ENABLE_STRICT_OBJC_MSGSEND = YES;
				ENABLE_USER_SCRIPT_SANDBOXING = YES;
				GCC_C_LANGUAGE_STANDARD = gnu17;
				GCC_NO_COMMON_BLOCKS = YES;
				GCC_WARN_64_TO_32_BIT_CONVERSION = YES;
				GCC_WARN_ABOUT_RETURN_TYPE = YES_ERROR;
				GCC_WARN_UNDECLARED_SELECTOR = YES;
				GCC_WARN_UNINITIALIZED_AUTOS = YES_AGGRESSIVE;
				GCC_WARN_UNUSED_FUNCTION = YES;
				GCC_WARN_UNUSED_VARIABLE = YES;
				IPHONEOS_DEPLOYMENT_TARGET = 26.0;
				LOCALIZATION_PREFERS_STRING_CATALOGS = YES;
				MTL_ENABLE_DEBUG_INFO = NO;
				MTL_FAST_MATH = YES;
				SDKROOT = iphoneos;
				SWIFT_COMPILATION_MODE = wholemodule;
				SWIFT_EMIT_LOC_STRINGS = YES;
				VALIDATE_PRODUCT = YES;
			};
			name = Release;
		};
		56B0E8D22EA22B8600DE40E7 /* Debug */ = {
			isa = XCBuildConfiguration;
			buildSettings = {
				ASSETCATALOG_COMPILER_APPICON_NAME = AppIcon;
				ASSETCATALOG_COMPILER_GLOBAL_ACCENT_COLOR_NAME = AccentColor;
				CODE_SIGN_ENTITLEMENTS = Octrum/Octrum.entitlements;
				CODE_SIGN_STYLE = Automatic;
				CURRENT_PROJECT_VERSION = 1;
				DEVELOPMENT_TEAM = A97HFMR9C5;
				ENABLE_PREVIEWS = YES;
				ENABLE_USER_SCRIPT_SANDBOXING = NO;
				GENERATE_INFOPLIST_FILE = YES;
				INFOPLIST_FILE = Octrum/Info.plist;
				INFOPLIST_KEY_NSLocalNetworkUsageDescription = "This app needs access to local network to connect to the server";
				INFOPLIST_KEY_UIApplicationSceneManifest_Generation = YES;
				INFOPLIST_KEY_UIApplicationSupportsIndirectInputEvents = YES;
				INFOPLIST_KEY_UILaunchScreen_Generation = YES;
				INFOPLIST_KEY_UISupportedInterfaceOrientations_iPad = "UIInterfaceOrientationPortrait UIInterfaceOrientationPortraitUpsideDown UIInterfaceOrientationLandscapeLeft UIInterfaceOrientationLandscapeRight";
				INFOPLIST_KEY_UISupportedInterfaceOrientations_iPhone = "UIInterfaceOrientationPortrait UIInterfaceOrientationLandscapeLeft UIInterfaceOrientationLandscapeRight";
				IPHONEOS_DEPLOYMENT_TARGET = 16.6;
				LD_RUNPATH_SEARCH_PATHS = (
					"$(inherited)",
					"@executable_path/Frameworks",
				);
				MARKETING_VERSION = 1.0;
				PRODUCT_BUNDLE_IDENTIFIER = AppleDA.Octrum;
				PRODUCT_NAME = "$(TARGET_NAME)";
				STRING_CATALOG_GENERATE_SYMBOLS = YES;
				SWIFT_APPROACHABLE_CONCURRENCY = YES;
				SWIFT_DEFAULT_ACTOR_ISOLATION = MainActor;
				SWIFT_EMIT_LOC_STRINGS = YES;
				SWIFT_UPCOMING_FEATURE_MEMBER_IMPORT_VISIBILITY = YES;
				SWIFT_VERSION = 5.0;
				TARGETED_DEVICE_FAMILY = "1,2";
			};
			name = Debug;
		};
		56B0E8D32EA22B8600DE40E7 /* Release */ = {
			isa = XCBuildConfiguration;
			buildSettings = {
				ASSETCATALOG_COMPILER_APPICON_NAME = AppIcon;
				ASSETCATALOG_COMPILER_GLOBAL_ACCENT_COLOR_NAME = AccentColor;
				CODE_SIGN_ENTITLEMENTS = Octrum/Octrum.entitlements;
				CODE_SIGN_STYLE = Automatic;
				CURRENT_PROJECT_VERSION = 1;
				DEVELOPMENT_TEAM = A97HFMR9C5;
				ENABLE_PREVIEWS = YES;
				ENABLE_USER_SCRIPT_SANDBOXING = NO;
				GENERATE_INFOPLIST_FILE = YES;
				INFOPLIST_FILE = Octrum/Info.plist;
				INFOPLIST_KEY_NSLocalNetworkUsageDescription = "This app needs access to local network to connect to the server";
				INFOPLIST_KEY_UIApplicationSceneManifest_Generation = YES;
				INFOPLIST_KEY_UIApplicationSupportsIndirectInputEvents = YES;
				INFOPLIST_KEY_UILaunchScreen_Generation = YES;
				INFOPLIST_KEY_UISupportedInterfaceOrientations_iPad = "UIInterfaceOrientationPortrait UIInterfaceOrientationPortraitUpsideDown UIInterfaceOrientationLandscapeLeft UIInterfaceOrientationLandscapeRight";
				INFOPLIST_KEY_UISupportedInterfaceOrientations_iPhone = "UIInterfaceOrientationPortrait UIInterfaceOrientationLandscapeLeft UIInterfaceOrientationLandscapeRight";
				IPHONEOS_DEPLOYMENT_TARGET = 16.6;
				LD_RUNPATH_SEARCH_PATHS = (
					"$(inherited)",
					"@executable_path/Frameworks",
				);
				MARKETING_VERSION = 1.0;
				PRODUCT_BUNDLE_IDENTIFIER = AppleDA.Octrum;
				PRODUCT_NAME = "$(TARGET_NAME)";
				STRING_CATALOG_GENERATE_SYMBOLS = YES;
				SWIFT_APPROACHABLE_CONCURRENCY = YES;
				SWIFT_DEFAULT_ACTOR_ISOLATION = MainActor;
				SWIFT_EMIT_LOC_STRINGS = YES;
				SWIFT_UPCOMING_FEATURE_MEMBER_IMPORT_VISIBILITY = YES;
				SWIFT_VERSION = 5.0;
				TARGETED_DEVICE_FAMILY = "1,2";
			};
			name = Release;
		};
		56B0E8D52EA22B8600DE40E7 /* Debug */ = {
			isa = XCBuildConfiguration;
			buildSettings = {
				BUNDLE_LOADER = "$(TEST_HOST)";
				CODE_SIGN_STYLE = Automatic;
				CURRENT_PROJECT_VERSION = 1;
				DEVELOPMENT_TEAM = A97HFMR9C5;
				GENERATE_INFOPLIST_FILE = YES;
				IPHONEOS_DEPLOYMENT_TARGET = 16.6;
				MARKETING_VERSION = 1.0;
				PRODUCT_BUNDLE_IDENTIFIER = AppleDA.OctrumTests;
				PRODUCT_NAME = "$(TARGET_NAME)";
				STRING_CATALOG_GENERATE_SYMBOLS = NO;
				SWIFT_APPROACHABLE_CONCURRENCY = YES;
				SWIFT_EMIT_LOC_STRINGS = NO;
				SWIFT_UPCOMING_FEATURE_MEMBER_IMPORT_VISIBILITY = YES;
				SWIFT_VERSION = 5.0;
				TARGETED_DEVICE_FAMILY = "1,2";
				TEST_HOST = "$(BUILT_PRODUCTS_DIR)/Octrum.app/$(BUNDLE_EXECUTABLE_FOLDER_PATH)/Octrum";
			};
			name = Debug;
		};
		56B0E8D62EA22B8600DE40E7 /* Release */ = {
			isa = XCBuildConfiguration;
			buildSettings = {
				BUNDLE_LOADER = "$(TEST_HOST)";
				CODE_SIGN_STYLE = Automatic;
				CURRENT_PROJECT_VERSION = 1;
				DEVELOPMENT_TEAM = A97HFMR9C5;
				GENERATE_INFOPLIST_FILE = YES;
				IPHONEOS_DEPLOYMENT_TARGET = 16.6;
				MARKETING_VERSION = 1.0;
				PRODUCT_BUNDLE_IDENTIFIER = AppleDA.OctrumTests;
				PRODUCT_NAME = "$(TARGET_NAME)";
				STRING_CATALOG_GENERATE_SYMBOLS = NO;
				SWIFT_APPROACHABLE_CONCURRENCY = YES;
				SWIFT_EMIT_LOC_STRINGS = NO;
				SWIFT_UPCOMING_FEATURE_MEMBER_IMPORT_VISIBILITY = YES;
				SWIFT_VERSION = 5.0;
				TARGETED_DEVICE_FAMILY = "1,2";
				TEST_HOST = "$(BUILT_PRODUCTS_DIR)/Octrum.app/$(BUNDLE_EXECUTABLE_FOLDER_PATH)/Octrum";
			};
			name = Release;
		};
		56FBA39F2ECC3C91004FD7BA /* Debug */ = {
			isa = XCBuildConfiguration;
			buildSettings = {
				CLANG_ENABLE_MODULES = YES;
				CODE_SIGN_ENTITLEMENTS = OctrumNotificationService/OctrumNotificationService.entitlements;
				CODE_SIGN_STYLE = Automatic;
				CURRENT_PROJECT_VERSION = 1;
				DEVELOPMENT_TEAM = A97HFMR9C5;
				GENERATE_INFOPLIST_FILE = YES;
				INFOPLIST_FILE = OctrumNotificationService/Info.plist;
				INFOPLIST_KEY_CFBundleDisplayName = OctrumNotificationService;
				INFOPLIST_KEY_NSHumanReadableCopyright = "";
				INFOPLIST_KEY_NSPhotoLibraryAddUsageDescription = "We need access to save alert videos to your Photos library";
				IPHONEOS_DEPLOYMENT_TARGET = 16.6;
				LD_RUNPATH_SEARCH_PATHS = (
					"$(inherited)",
					"@executable_path/Frameworks",
					"@executable_path/../../Frameworks",
					"@executable_path/../../../../Frameworks",
				);
				MARKETING_VERSION = 1.0;
				PRODUCT_BUNDLE_IDENTIFIER = AppleDA.Octrum.OctrumNotificationService;
				PRODUCT_NAME = "$(TARGET_NAME)";
				SDKROOT = watchos;
				SKIP_INSTALL = YES;
				STRING_CATALOG_GENERATE_SYMBOLS = YES;
				SUPPORTED_PLATFORMS = "iphoneos iphonesimulator";
				SUPPORTS_MACCATALYST = NO;
				SWIFT_APPROACHABLE_CONCURRENCY = YES;
				SWIFT_EMIT_LOC_STRINGS = YES;
				SWIFT_OPTIMIZATION_LEVEL = "-Onone";
				SWIFT_UPCOMING_FEATURE_MEMBER_IMPORT_VISIBILITY = YES;
				SWIFT_VERSION = 5.0;
				TARGETED_DEVICE_FAMILY = 1;
				WATCHOS_DEPLOYMENT_TARGET = 26.1;
			};
			name = Debug;
		};
		56FBA3A02ECC3C91004FD7BA /* Release */ = {
			isa = XCBuildConfiguration;
			buildSettings = {
				CLANG_ENABLE_MODULES = YES;
				CODE_SIGN_ENTITLEMENTS = OctrumNotificationService/OctrumNotificationService.entitlements;
				CODE_SIGN_STYLE = Automatic;
				CURRENT_PROJECT_VERSION = 1;
				DEVELOPMENT_TEAM = A97HFMR9C5;
				GENERATE_INFOPLIST_FILE = YES;
				INFOPLIST_FILE = OctrumNotificationService/Info.plist;
				INFOPLIST_KEY_CFBundleDisplayName = OctrumNotificationService;
				INFOPLIST_KEY_NSHumanReadableCopyright = "";
				INFOPLIST_KEY_NSPhotoLibraryAddUsageDescription = "We need access to save alert videos to your Photos library";
				IPHONEOS_DEPLOYMENT_TARGET = 16.6;
				LD_RUNPATH_SEARCH_PATHS = (
					"$(inherited)",
					"@executable_path/Frameworks",
					"@executable_path/../../Frameworks",
					"@executable_path/../../../../Frameworks",
				);
				MARKETING_VERSION = 1.0;
				PRODUCT_BUNDLE_IDENTIFIER = AppleDA.Octrum.OctrumNotificationService;
				PRODUCT_NAME = "$(TARGET_NAME)";
				SDKROOT = watchos;
				SKIP_INSTALL = YES;
				STRING_CATALOG_GENERATE_SYMBOLS = YES;
				SUPPORTED_PLATFORMS = "iphoneos iphonesimulator";
				SUPPORTS_MACCATALYST = NO;
				SWIFT_APPROACHABLE_CONCURRENCY = YES;
				SWIFT_EMIT_LOC_STRINGS = YES;
				SWIFT_UPCOMING_FEATURE_MEMBER_IMPORT_VISIBILITY = YES;
				SWIFT_VERSION = 5.0;
				TARGETED_DEVICE_FAMILY = 1;
				WATCHOS_DEPLOYMENT_TARGET = 26.1;
			};
			name = Release;
		};
/* End XCBuildConfiguration section */

/* Begin XCConfigurationList section */
		56B0E8AB2EA22B8500DE40E7 /* Build configuration list for PBXProject "Octrum" */ = {
			isa = XCConfigurationList;
			buildConfigurations = (
				56B0E8CF2EA22B8600DE40E7 /* Debug */,
				56B0E8D02EA22B8600DE40E7 /* Release */,
			);
			defaultConfigurationIsVisible = 0;
			defaultConfigurationName = Release;
		};
		56B0E8D12EA22B8600DE40E7 /* Build configuration list for PBXNativeTarget "Octrum" */ = {
			isa = XCConfigurationList;
			buildConfigurations = (
				56B0E8D22EA22B8600DE40E7 /* Debug */,
				56B0E8D32EA22B8600DE40E7 /* Release */,
			);
			defaultConfigurationIsVisible = 0;
			defaultConfigurationName = Release;
		};
		56B0E8D42EA22B8600DE40E7 /* Build configuration list for PBXNativeTarget "OctrumTests" */ = {
			isa = XCConfigurationList;
			buildConfigurations = (
				56B0E8D52EA22B8600DE40E7 /* Debug */,
				56B0E8D62EA22B8600DE40E7 /* Release */,
			);
			defaultConfigurationIsVisible = 0;
			defaultConfigurationName = Release;
		};
		56FBA3A22ECC3C91004FD7BA /* Build configuration list for PBXNativeTarget "OctrumNotificationService" */ = {
			isa = XCConfigurationList;
			buildConfigurations = (
				56FBA39F2ECC3C91004FD7BA /* Debug */,
				56FBA3A02ECC3C91004FD7BA /* Release */,
			);
			defaultConfigurationIsVisible = 0;
			defaultConfigurationName = Release;
		};
/* End XCConfigurationList section */

/* Begin XCRemoteSwiftPackageReference section */
		565080E52ECECDBC00070EE3 /* XCRemoteSwiftPackageReference "Kingfisher" */ = {
			isa = XCRemoteSwiftPackageReference;
			repositoryURL = "https://github.com/onevcat/Kingfisher";
			requirement = {
				kind = upToNextMajorVersion;
				minimumVersion = 8.6.2;
			};
		};
		565499902EA2334000B68E86 /* XCRemoteSwiftPackageReference "WebRTC" */ = {
			isa = XCRemoteSwiftPackageReference;
			repositoryURL = "https://github.com/stasel/WebRTC.git";
			requirement = {
				kind = exactVersion;
				version = 140.0.0;
			};
		};
/* End XCRemoteSwiftPackageReference section */

/* Begin XCSwiftPackageProductDependency section */
		565080E62ECECDBC00070EE3 /* Kingfisher */ = {
			isa = XCSwiftPackageProductDependency;
			package = 565080E52ECECDBC00070EE3 /* XCRemoteSwiftPackageReference "Kingfisher" */;
			productName = Kingfisher;
		};
		565499912EA2334000B68E86 /* WebRTC */ = {
			isa = XCSwiftPackageProductDependency;
			package = 565499902EA2334000B68E86 /* XCRemoteSwiftPackageReference "WebRTC" */;
			productName = WebRTC;
		};
/* End XCSwiftPackageProductDependency section */
	};
	rootObject = 56B0E8A82EA22B8500DE40E7 /* Project object */;
}
